
Microsoft Visual Studio Solution File, Format Version 12.00
# Visual Studio Version 17
VisualStudioVersion = 17.4.33103.184
MinimumVisualStudioVersion = 10.0.40219.1
Project("{FAE04EC0-301F-11D3-BF4B-00C04F79EFBC}") = "HelloWorld", "HelloWorld\HelloWorld.csproj", "{58522CA8-BE62-4630-AE29-187CDFBCC0E6}"
EndProject
Global
	GlobalSection(SolutionConfigurationPlatforms) = preSolution
		Debug|Any CPU = Debug|Any CPU
		Release|Any CPU = Release|Any CPU
	EndGlobalSection
	GlobalSection(ProjectConfigurationPlatforms) = postSolution
		{58522CA8-BE62-4630-AE29-187CDFBCC0E6}.Debug|Any CPU.ActiveCfg = Debug|Any CPU
		{58522CA8-BE62-4630-AE29-187CDFBCC0E6}.Debug|Any CPU.Build.0 = Debug|Any CPU
		{58522CA8-BE62-4630-AE29-187CDFBCC0E6}.Release|Any CPU.ActiveCfg = Release|Any CPU
		{58522CA8-BE62-4630-AE29-187CDFBCC0E6}.Release|Any CPU.Build.0 = Release|Any CPU
	EndGlobalSection
	GlobalSection(SolutionProperties) = preSolution
		HideSolutionNode = FALSE
	EndGlobalSection
	GlobalSection(ExtensibilityGlobals) = postSolution
		SolutionGuid = {5608C1B5-5491-4B72-BFD3-1D8B9C9D8733}
	EndGlobalSection
EndGlobal
